// !$*UTF8*$!
{
	archiveVersion = 1;
	classes = {
	};
	objectVersion = 48;
	objects = {

/* Begin PBXBuildFile section */
		C952DBA11F8F207E00F4DF45 /* AppDelegate.swift in Sources */ = {isa = PBXBuildFile; fileRef = C952DBA01F8F207E00F4DF45 /* AppDelegate.swift */; };
		C952DBA31F8F207E00F4DF45 /* ViewController.swift in Sources */ = {isa = PBXBuildFile; fileRef = C952DBA21F8F207E00F4DF45 /* ViewController.swift */; };
		C952DBA61F8F207E00F4DF45 /* Main.storyboard in Resources */ = {isa = PBXBuildFile; fileRef = C952DBA41F8F207E00F4DF45 /* Main.storyboard */; };
		C952DBA81F8F207F00F4DF45 /* Assets.xcassets in Resources */ = {isa = PBXBuildFile; fileRef = C952DBA71F8F207F00F4DF45 /* Assets.xcassets */; };
		C952DBAB1F8F207F00F4DF45 /* LaunchScreen.storyboard in Resources */ = {isa = PBXBuildFile; fileRef = C952DBA91F8F207F00F4DF45 /* LaunchScreen.storyboard */; };
		C952DBB31F8F221E00F4DF45 /* Album.swift in Sources */ = {isa = PBXBuildFile; fileRef = C952DBB21F8F221E00F4DF45 /* Album.swift */; };
		C952DBB51F8F24C100F4DF45 /* TableViewCell.swift in Sources */ = {isa = PBXBuildFile; fileRef = C952DBB41F8F24C100F4DF45 /* TableViewCell.swift */; };
		C952DBB71F8F2FF700F4DF45 /* DetailViewController.swift in Sources */ = {isa = PBXBuildFile; fileRef = C952DBB61F8F2FF700F4DF45 /* DetailViewController.swift */; };
/* End PBXBuildFile section */

/* Begin PBXFileReference section */
		C952DB9D1F8F207E00F4DF45 /* LevelTest.app */ = {isa = PBXFileReference; explicitFileType = wrapper.application; includeInIndex = 0; path = LevelTest.app; sourceTree = BUILT_PRODUCTS_DIR; };
		C952DBA01F8F207E00F4DF45 /* AppDelegate.swift */ = {isa = PBXFileReference; lastKnownFileType = sourcecode.swift; path = AppDelegate.swift; sourceTree = "<group>"; };
		C952DBA21F8F207E00F4DF45 /* ViewController.swift */ = {isa = PBXFileReference; lastKnownFileType = sourcecode.swift; path = ViewController.swift; sourceTree = "<group>"; };
		C952DBA51F8F207E00F4DF45 /* Base */ = {isa = PBXFileReference; lastKnownFileType = file.storyboard; name = Base; path = Base.lproj/Main.storyboard; sourceTree = "<group>"; };
		C952DBA71F8F207F00F4DF45 /* Assets.xcassets */ = {isa = PBXFileReference; lastKnownFileType = folder.assetcatalog; path = Assets.xcassets; sourceTree = "<group>"; };
		C952DBAA1F8F207F00F4DF45 /* Base */ = {isa = PBXFileReference; lastKnownFileType = file.storyboard; name = Base; path = Base.lproj/LaunchScreen.storyboard; sourceTree = "<group>"; };
		C952DBAC1F8F207F00F4DF45 /* Info.plist */ = {isa = PBXFileReference; lastKnownFileType = text.plist.xml; path = Info.plist; sourceTree = "<group>"; };
		C952DBB21F8F221E00F4DF45 /* Album.swift */ = {isa = PBXFileReference; lastKnownFileType = sourcecode.swift; path = Album.swift; sourceTree = "<group>"; };
		C952DBB41F8F24C100F4DF45 /* TableViewCell.swift */ = {isa = PBXFileReference; lastKnownFileType = sourcecode.swift; path = TableViewCell.swift; sourceTree = "<group>"; };
		C952DBB61F8F2FF700F4DF45 /* DetailViewController.swift */ = {isa = PBXFileReference; lastKnownFileType = sourcecode.swift; path = DetailViewController.swift; sourceTree = "<group>"; };
/* End PBXFileReference section */

/* Begin PBXFrameworksBuildPhase section */
		C952DB9A1F8F207E00F4DF45 /* Frameworks */ = {
			isa = PBXFrameworksBuildPhase;
			buildActionMask = 2147483647;
			files = (
			);
			runOnlyForDeploymentPostprocessing = 0;
		};
/* End PBXFrameworksBuildPhase section */

/* Begin PBXGroup section */
		C952DB941F8F207E00F4DF45 = {
			isa = PBXGroup;
			children = (
				C952DB9F1F8F207E00F4DF45 /* LevelTest */,
				C952DB9E1F8F207E00F4DF45 /* Products */,
			);
			sourceTree = "<group>";
		};
		C952DB9E1F8F207E00F4DF45 /* Products */ = {
			isa = PBXGroup;
			children = (
				C952DB9D1F8F207E00F4DF45 /* LevelTest.app */,
			);
			name = Products;
			sourceTree = "<group>";
		};
		C952DB9F1F8F207E00F4DF45 /* LevelTest */ = {
			isa = PBXGroup;
			children = (
				C952DBA01F8F207E00F4DF45 /* AppDelegate.swift */,
				C952DBB21F8F221E00F4DF45 /* Album.swift */,
				C952DBA21F8F207E00F4DF45 /* ViewController.swift */,
				C952DBB61F8F2FF700F4DF45 /* DetailViewController.swift */,
				C952DBB41F8F24C100F4DF45 /* TableViewCell.swift */,
				C952DBA41F8F207E00F4DF45 /* Main.storyboard */,
				C952DBA71F8F207F00F4DF45 /* Assets.xcassets */,
				C952DBA91F8F207F00F4DF45 /* LaunchScreen.storyboard */,
				C952DBAC1F8F207F00F4DF45 /* Info.plist */,
			);
			path = LevelTest;
			sourceTree = "<group>";
		};
/* End PBXGroup section */

/* Begin PBXNativeTarget section */
		C952DB9C1F8F207E00F4DF45 /* LevelTest */ = {
			isa = PBXNativeTarget;
			buildConfigurationList = C952DBAF1F8F207F00F4DF45 /* Build configuration list for PBXNativeTarget "LevelTest" */;
			buildPhases = (
				C952DB991F8F207E00F4DF45 /* Sources */,
				C952DB9A1F8F207E00F4DF45 /* Frameworks */,
				C952DB9B1F8F207E00F4DF45 /* Resources */,
			);
			buildRules = (
			);
			dependencies = (
			);
			name = LevelTest;
			productName = LevelTest;
			productReference = C952DB9D1F8F207E00F4DF45 /* LevelTest.app */;
			productType = "com.apple.product-type.application";
		};
/* End PBXNativeTarget section */

/* Begin PBXProject section */
		C952DB951F8F207E00F4DF45 /* Project object */ = {
			isa = PBXProject;
			attributes = {
				LastSwiftUpdateCheck = 0900;
				LastUpgradeCheck = 0900;
				ORGANIZATIONNAME = "yang hee jung";
				TargetAttributes = {
					C952DB9C1F8F207E00F4DF45 = {
						CreatedOnToolsVersion = 9.0;
						ProvisioningStyle = Automatic;
					};
				};
			};
			buildConfigurationList = C952DB981F8F207E00F4DF45 /* Build configuration list for PBXProject "LevelTest" */;
			compatibilityVersion = "Xcode 8.0";
			developmentRegion = en;
			hasScannedForEncodings = 0;
			knownRegions = (
				en,
				Base,
			);
			mainGroup = C952DB941F8F207E00F4DF45;
			productRefGroup = C952DB9E1F8F207E00F4DF45 /* Products */;
			projectDirPath = "";
			projectRoot = "";
			targets = (
				C952DB9C1F8F207E00F4DF45 /* LevelTest */,
			);
		};
/* End PBXProject section */

/* Begin PBXResourcesBuildPhase section */
		C952DB9B1F8F207E00F4DF45 /* Resources */ = {
			isa = PBXResourcesBuildPhase;
			buildActionMask = 2147483647;
			files = (
				C952DBAB1F8F207F00F4DF45 /* LaunchScreen.storyboard in Resources */,
				C952DBA81F8F207F00F4DF45 /* Assets.xcassets in Resources */,
				C952DBA61F8F207E00F4DF45 /* Main.storyboard in Resources */,
			);
			runOnlyForDeploymentPostprocessing = 0;
		};
/* End PBXResourcesBuildPhase section */

/* Begin PBXSourcesBuildPhase section */
		C952DB991F8F207E00F4DF45 /* Sources */ = {
			isa = PBXSourcesBuildPhase;
			buildActionMask = 2147483647;
			files = (
				C952DBA31F8F207E00F4DF45 /* ViewController.swift in Sources */,
				C952DBB51F8F24C100F4DF45 /* TableViewCell.swift in Sources */,
				C952DBB71F8F2FF700F4DF45 /* DetailViewController.swift in Sources */,
				C952DBA11F8F207E00F4DF45 /* AppDelegate.swift in Sources */,
				C952DBB31F8F221E00F4DF45 /* Album.swift in Sources */,
			);
			runOnlyForDeploymentPostprocessing = 0;
		};
/* End PBXSourcesBuildPhase section */

/* Begin PBXVariantGroup section */
		C952DBA41F8F207E00F4DF45 /* Main.storyboard */ = {
			isa = PBXVariantGroup;
			children = (
				C952DBA51F8F207E00F4DF45 /* Base */,
			);
			name = Main.storyboard;
			sourceTree = "<group>";
		};
		C952DBA91F8F207F00F4DF45 /* LaunchScreen.storyboard */ = {
			isa = PBXVariantGroup;
			children = (
				C952DBAA1F8F207F00F4DF45 /* Base */,
			);
			name = LaunchScreen.storyboard;
			sourceTree = "<group>";
		};
/* End PBXVariantGroup section */

/* Begin XCBuildConfiguration section */
		C952DBAD1F8F207F00F4DF45 /* Debug */ = {
			isa = XCBuildConfiguration;
			buildSettings = {
				ALWAYS_SEARCH_USER_PATHS = NO;
				CLANG_ANALYZER_NONNULL = YES;
				CLANG_ANALYZER_NUMBER_OBJECT_CONVERSION = YES_AGGRESSIVE;
				CLANG_CXX_LANGUAGE_STANDARD = "gnu++14";
				CLANG_CXX_LIBRARY = "libc++";
				CLANG_ENABLE_MODULES = YES;
				CLANG_ENABLE_OBJC_ARC = YES;
				CLANG_WARN_BLOCK_CAPTURE_AUTORELEASING = YES;
				CLANG_WARN_BOOL_CONVERSION = YES;
				CLANG_WARN_COMMA = YES;
				CLANG_WARN_CONSTANT_CONVERSION = YES;
				CLANG_WARN_DIRECT_OBJC_ISA_USAGE = YES_ERROR;
				CLANG_WARN_DOCUMENTATION_COMMENTS = YES;
				CLANG_WARN_EMPTY_BODY = YES;
				CLANG_WARN_ENUM_CONVERSION = YES;
				CLANG_WARN_INFINITE_RECURSION = YES;
				CLANG_WARN_INT_CONVERSION = YES;
				CLANG_WARN_NON_LITERAL_NULL_CONVERSION = YES;
				CLANG_WARN_OBJC_LITERAL_CONVERSION = YES;
				CLANG_WARN_OBJC_ROOT_CLASS = YES_ERROR;
				CLANG_WARN_RANGE_LOOP_ANALYSIS = YES;
				CLANG_WARN_STRICT_PROTOTYPES = YES;
				CLANG_WARN_SUSPICIOUS_MOVE = YES;
				CLANG_WARN_UNGUARDED_AVAILABILITY = YES_AGGRESSIVE;
				CLANG_WARN_UNREACHABLE_CODE = YES;
				CLANG_WARN__DUPLICATE_METHOD_MATCH = YES;
				CODE_SIGN_IDENTITY = "iPhone Developer";
				COPY_PHASE_STRIP = NO;
				DEBUG_INFORMATION_FORMAT = dwarf;
				ENABLE_STRICT_OBJC_MSGSEND = YES;
				ENABLE_TESTABILITY = YES;
				GCC_C_LANGUAGE_STANDARD = gnu11;
				GCC_DYNAMIC_NO_PIC = NO;
				GCC_NO_COMMON_BLOCKS = YES;
				GCC_OPTIMIZATION_LEVEL = 0;
				GCC_PREPROCESSOR_DEFINITIONS = (
					"DEBUG=1",
					"$(inherited)",
				);
				GCC_WARN_64_TO_32_BIT_CONVERSION = YES;
				GCC_WARN_ABOUT_RETURN_TYPE = YES_ERROR;
				GCC_WARN_UNDECLARED_SELECTOR = YES;
				GCC_WARN_UNINITIALIZED_AUTOS = YES_AGGRESSIVE;
				GCC_WARN_UNUSED_FUNCTION = YES;
				GCC_WARN_UNUSED_VARIABLE = YES;
				IPHONEOS_DEPLOYMENT_TARGET = 11.0;
				MTL_ENABLE_DEBUG_INFO = YES;
				ONLY_ACTIVE_ARCH = YES;
				SDKROOT = iphoneos;
				SWIFT_ACTIVE_COMPILATION_CONDITIONS = DEBUG;
				SWIFT_OPTIMIZATION_LEVEL = "-Onone";
			};
			name = Debug;
		};
		C952DBAE1F8F207F00F4DF45 /* Release */ = {
			isa = XCBuildConfiguration;
			buildSettings = {
				ALWAYS_SEARCH_USER_PATHS = NO;
				CLANG_ANALYZER_NONNULL = YES;
				CLANG_ANALYZER_NUMBER_OBJECT_CONVERSION = YES_AGGRESSIVE;
				CLANG_CXX_LANGUAGE_STANDARD = "gnu++14";
				CLANG_CXX_LIBRARY = "libc++";
				CLANG_ENABLE_MODULES = YES;
				CLANG_ENABLE_OBJC_ARC = YES;
				CLANG_WARN_BLOCK_CAPTURE_AUTORELEASING = YES;
				CLANG_WARN_BOOL_CONVERSION = YES;
				CLANG_WARN_COMMA = YES;
				CLANG_WARN_CONSTANT_CONVERSION = YES;
				CLANG_WARN_DIRECT_OBJC_ISA_USAGE = YES_ERROR;
				CLANG_WARN_DOCUMENTATION_COMMENTS = YES;
				CLANG_WARN_EMPTY_BODY = YES;
				CLANG_WARN_ENUM_CONVERSION = YES;
				CLANG_WARN_INFINITE_RECURSION = YES;
				CLANG_WARN_INT_CONVERSION = YES;
				CLANG_WARN_NON_LITERAL_NULL_CONVERSION = YES;
				CLANG_WARN_OBJC_LITERAL_CONVERSION = YES;
				CLANG_WARN_OBJC_ROOT_CLASS = YES_ERROR;
				CLANG_WARN_RANGE_LOOP_ANALYSIS = YES;
				CLANG_WARN_STRICT_PROTOTYPES = YES;
				CLANG_WARN_SUSPICIOUS_MOVE = YES;
				CLANG_WARN_UNGUARDED_AVAILABILITY = YES_AGGRESSIVE;
				CLANG_WARN_UNREACHABLE_CODE = YES;
				CLANG_WARN__DUPLICATE_METHOD_MATCH = YES;
				CODE_SIGN_IDENTITY = "iPhone Developer";
				COPY_PHASE_STRIP = NO;
				DEBUG_INFORMATION_FORMAT = "dwarf-with-dsym";
				ENABLE_NS_ASSERTIONS = NO;
				ENABLE_STRICT_OBJC_MSGSEND = YES;
				GCC_C_LANGUAGE_STANDARD = gnu11;
				GCC_NO_COMMON_BLOCKS = YES;
				GCC_WARN_64_TO_32_BIT_CONVERSION = YES;
				GCC_WARN_ABOUT_RETURN_TYPE = YES_ERROR;
				GCC_WARN_UNDECLARED_SELECTOR = YES;
				GCC_WARN_UNINITIALIZED_AUTOS = YES_AGGRESSIVE;
				GCC_WARN_UNUSED_FUNCTION = YES;
				GCC_WARN_UNUSED_VARIABLE = YES;
				IPHONEOS_DEPLOYMENT_TARGET = 11.0;
				MTL_ENABLE_DEBUG_INFO = NO;
				SDKROOT = iphoneos;
				SWIFT_OPTIMIZATION_LEVEL = "-Owholemodule";
				VALIDATE_PRODUCT = YES;
			};
			name = Release;
		};
		C952DBB01F8F207F00F4DF45 /* Debug */ = {
			isa = XCBuildConfiguration;
			buildSettings = {
				ASSETCATALOG_COMPILER_APPICON_NAME = AppIcon;
				CODE_SIGN_STYLE = Automatic;
				DEVELOPMENT_TEAM = V9TZ6H4V4N;
				INFOPLIST_FILE = LevelTest/Info.plist;
				LD_RUNPATH_SEARCH_PATHS = "$(inherited) @executable_path/Frameworks";
				PRODUCT_BUNDLE_IDENTIFIER = com.yourcompony.LevelTest;
				PRODUCT_NAME = "$(TARGET_NAME)";
				SWIFT_VERSION = 4.0;
				TARGETED_DEVICE_FAMILY = "1,2";
			};
			name = Debug;
		};
		C952DBB11F8F207F00F4DF45 /* Release */ = {
			isa = XCBuildConfiguration;
			buildSettings = {
				ASSETCATALOG_COMPILER_APPICON_NAME = AppIcon;
				CODE_SIGN_STYLE = Automatic;
				DEVELOPMENT_TEAM = V9TZ6H4V4N;
				INFOPLIST_FILE = LevelTest/Info.plist;
				LD_RUNPATH_SEARCH_PATHS = "$(inherited) @executable_path/Frameworks";
				PRODUCT_BUNDLE_IDENTIFIER = com.yourcompony.LevelTest;
				PRODUCT_NAME = "$(TARGET_NAME)";
				SWIFT_VERSION = 4.0;
				TARGETED_DEVICE_FAMILY = "1,2";
			};
			name = Release;
		};
/* End XCBuildConfiguration section */

/* Begin XCConfigurationList section */
		C952DB981F8F207E00F4DF45 /* Build configuration list for PBXProject "LevelTest" */ = {
			isa = XCConfigurationList;
			buildConfigurations = (
				C952DBAD1F8F207F00F4DF45 /* Debug */,
				C952DBAE1F8F207F00F4DF45 /* Release */,
			);
			defaultConfigurationIsVisible = 0;
			defaultConfigurationName = Release;
		};
		C952DBAF1F8F207F00F4DF45 /* Build configuration list for PBXNativeTarget "LevelTest" */ = {
			isa = XCConfigurationList;
			buildConfigurations = (
				C952DBB01F8F207F00F4DF45 /* Debug */,
				C952DBB11F8F207F00F4DF45 /* Release */,
			);
			defaultConfigurationIsVisible = 0;
			defaultConfigurationName = Release;
		};
/* End XCConfigurationList section */
	};
	rootObject = C952DB951F8F207E00F4DF45 /* Project object */;
}
